# THIS IS AN AUTOGENERATED FILE. DO NOT EDIT THIS FILE DIRECTLY.
# yarn lockfile v1


"@a-la/detect-jsx@^1.0.1":
  version "1.0.1"
  resolved "https://registry.yarnpkg.com/@a-la/detect-jsx/-/detect-jsx-1.0.1.tgz#ef36b5f3c129e0901d5752a86999a9910f6b5e7a"
  integrity sha512-ZxWfYmzeFt0CUDylMM8ZiZwSDOrZHyDnf5iVkimZKOfB5VwNEhC52NZCv5zctMFI2y3H4+jsePq6fXHc46FrFw==

"@a-la/jsx@^1.6.0":
  version "1.6.0"
  resolved "https://registry.yarnpkg.com/@a-la/jsx/-/jsx-1.6.0.tgz#803a8debba9b1d589ad505c610b196096ae0772d"
  integrity sha512-ybOpoq6pqt2L733csuR0LoUXoSpLH7t1qkIH2Gyxx77V4rcdzKB8fmC8Q60djA1ShS7YdIBR5a6hy03Trj1Gog==
  dependencies:
    "@a-la/detect-jsx" "^1.0.1"
    restream "^3.7.1"

"@artdeco/clean-stack@^1.1.1":
  version "1.1.1"
  resolved "https://registry.yarnpkg.com/@artdeco/clean-stack/-/clean-stack-1.1.1.tgz#0a68b9a061b5076ebaf948c150ea26d09c1e753f"
  integrity sha512-q5lO3vGUo0WgkSqzgzjL0HQdA9t2HzQqZISuVuQWMh9xqLuiLFP/ZTsxFc8vpMl7mNpGk7Mm0OeyFQ+Evrp0Cw==

"@contexts/http@^1.6.2":
  version "1.6.2"
  resolved "https://registry.yarnpkg.com/@contexts/http/-/http-1.6.2.tgz#8567793415718d006fcdcbf5d4740f01e29c58df"
  integrity sha512-H86jluOrdyr39kSTbBx8OPIV2IHJV9Vwke77/7fA2i/AEiZeJYcPqxkG+ydL1EAdlM9apbxv7lxCgto3Pmn0Xw==
  dependencies:
    "@artdeco/clean-stack" "^1.1.1"
    "@multipart/form" "^2.0.0"
    "@rqt/aqt" "^1.3.0"
    "@zoroaster/deep-equal" "^1.0.1"
    erotic "^2.1.1"
    erte "^1.2.0"
    mismatch "^1.2.0"

"@depack/nodejs@^1.1.4":
  version "1.1.4"
  resolved "https://registry.yarnpkg.com/@depack/nodejs/-/nodejs-1.1.4.tgz#36195f33fef7a6b9b1f93a043a52a87fac087729"
  integrity sha512-vtmNtylOPNjFkQHOgC1M8Ru9c211FgtD3sG3KGS9dvlcHDUAiNoJ52gVwOep5Tkp0I4qmwPx3oyTV6OwKchmlg==

"@depack/split@^1.0.0":
  version "1.0.0"
  resolved "https://registry.yarnpkg.com/@depack/split/-/split-1.0.0.tgz#37fea28d9bc6f01e5a2da87d393f402781bb7e99"
  integrity sha512-PNJPl01VFMKtyN7qBZ2cds4N/lO2KvzLrR7JamODFiuuL2X8mGoTKp1SI8fxlT2MwLV8mScCUKn55QPwsUX7iA==

"@externs/goa@^1.0.1":
  version "1.0.1"
  resolved "https://registry.yarnpkg.com/@externs/goa/-/goa-1.0.1.tgz#28e21477ee63ab6a9e4a263ef5543fcb2d742f7b"
  integrity sha512-ZRMwQ/TV16Koxhrp2vrrYkbnuYoljc2gloi8THIdZgin+TCxLVpdkvqpzegm2A+xKBYWzMubiH2grVFwdkWnzA==

"@externs/nodejs@^1.5.0":
  version "1.5.0"
  resolved "https://registry.yarnpkg.com/@externs/nodejs/-/nodejs-1.5.0.tgz#88ff9e7a03c53d19101ee49768e598ff0f39c9ad"
  integrity sha512-2J+FRDjGfKKldTQ5YqLmhQ04/sA9swTQ6OTtPzo4xhg41u1+eiufciXiqW6u3UXEcmm413a27NakgnLbzfp0wQ==

"@goa/accepts@^2.0.1":
  version "2.0.1"
  resolved "https://registry.yarnpkg.com/@goa/accepts/-/accepts-2.0.1.tgz#f1a1bdff577084343a08877caf247bd6c6f22984"
  integrity sha512-1uypKCOBKuGwXjUMGnMcyrl4toBzhgiKC3WqrBSrwK+FYboeYfAuvsbklits4STWxjeEoNdCNEu+yPIt6QfLGg==
  dependencies:
    mime-db "^1.42.0"

"@goa/busboy@^1.2.3":
  version "1.2.3"
  resolved "https://registry.yarnpkg.com/@goa/busboy/-/busboy-1.2.3.tgz#df7b633f9f1825d9dab2b99bcf4f40cba1d7c936"
  integrity sha512-ais1rZsKnE/k9beKFFcv+1YAqxuiCgRWnbxZ5WxbWJ+3aI2Gw3rYmyzQ2/araWYAAKUMKXZeCxE+9kbzFkOqnw==
  dependencies:
    text-decoding "^1.0.0"

"@goa/compose@^1.0.0":
  version "1.0.0"
  resolved "https://registry.yarnpkg.com/@goa/compose/-/compose-1.0.0.tgz#3672a32269bec4bf061c8dd50a7ab22872c156c3"
  integrity sha512-NdFS/ijCZ4e1WSHZLsQq5CbUHvkK6a20tx2wfNJS2hw55o8iYpmFDGTSgDnQwj09/Lxy5Kj8R5TNq9+leK41xA==

"@goa/compress@^1.2.0":
  version "1.2.0"
  resolved "https://registry.yarnpkg.com/@goa/compress/-/compress-1.2.0.tgz#fe273ed888c4847ae5ecef94153d009a08d47c44"
  integrity sha512-dMk1gTDMJ74KTnweaSZTNvx8kJMHQ+cFzjAG5sMdKv1vlXLq4wrSIEUB3WFc0oZFBzi3qxNGiLoP1M5WgcNqvQ==
  dependencies:
    mime-db "^1.43.0"

"@goa/content-type@^1.0.1":
  version "1.0.1"
  resolved "https://registry.yarnpkg.com/@goa/content-type/-/content-type-1.0.1.tgz#c5df9764f4263b31b5462822a3da54c15b28d526"
  integrity sha512-GhVWCLHWK27arlztGHwNjqn+PksXYHeEsUy2GwyhWP1YNDT/U6ps+ltzJTAUgRQhIZIRVBJ5rf9mInbfHkankw==

"@goa/cookies@^2.0.1":
  version "2.0.1"
  resolved "https://registry.yarnpkg.com/@goa/cookies/-/cookies-2.0.1.tgz#aad46842c8576032e8343070dd593d44391e6181"
  integrity sha512-nQWDDhwqIlR41RDH1nG4/UQE8yyIWPWTp14PFb8NTHkAT4HDa8BEvkITiLxwd8dp/7yr99+G8/2fTf/ItQbW9Q==

"@goa/cors@^1.2.0":
  version "1.2.0"
  resolved "https://registry.yarnpkg.com/@goa/cors/-/cors-1.2.0.tgz#839019ddaf472c6f93f5e2a031ba78bbd0e46856"
  integrity sha512-E9G/0DvKs0LbPagTFodriqQRFx2gsif5jEAEctyedVFnviVL8p4F5iAwILFiG1XrnEKWWOK+DInj8fC9olam4w==
  dependencies:
    "@contexts/http" "^1.6.2"

"@goa/goa@^1.6.1":
  version "1.6.1"
  resolved "https://registry.yarnpkg.com/@goa/goa/-/goa-1.6.1.tgz#20d9740e39b9b3395ea63f94e701def19aa405cd"
  integrity sha512-aV2ks1SLSfRRa5VbuFXv7TW2488gBDGAhudyuVzrzgPlWq51kbn+ROabpJpg6AETIpsCn+2AkmutzV/TXFak7A==
  dependencies:
    "@goa/accepts" "^2.0.1"
    "@goa/compose" "^1.0.0"
    "@goa/content-type" "^1.0.1"
    "@goa/cookies" "^2.0.1"
    "@goa/http-errors" "^1.0.0"
    "@goa/is-generator-function" "^1.0.2"
    "@goa/mime-types" "^1.1.0"
    "@goa/negotiator" "^1.0.1"
    "@goa/statuses" "^1.0.1"
    "@goa/type-is" "^1.0.2"
    "@goa/vary" "^1.0.0"
    "@idio/debug" "^1.2.3"
    "@typedefs/goa" "^0.1.4"
    mime-db "^1.42.0"

"@goa/http-errors@^1.0.0":
  version "1.0.0"
  resolved "https://registry.yarnpkg.com/@goa/http-errors/-/http-errors-1.0.0.tgz#bf79e339165823d81f2871b75a13379ed2b0462b"
  integrity sha512-R1P3JyTKALOm7rlUsDYgDKy5NeE9Y0UjII45xGajDCMOY7PjOtvKcPcxcYiA6fXYnFyEQqBq/BGf4/7dSfA6Eg==

"@goa/is-generator-function@^1.0.2":
  version "1.0.2"
  resolved "https://registry.yarnpkg.com/@goa/is-generator-function/-/is-generator-function-1.0.2.tgz#f001b3bdb4b39330fee3afe534dea1fd78a73b2d"
  integrity sha512-Vo5IS92aTbygksryZuETbn2dfjRKWqJfyUDaxUyi4oL5Vyv6asJLNVkEK0aZp+1A+ORTFA8+p26x6zte02YL7A==

"@goa/koa@^2.1.0":
  version "2.1.0"
  resolved "https://registry.yarnpkg.com/@goa/koa/-/koa-2.1.0.tgz#09bbab898bf1596bdf58008250b2df17f02477d7"
  integrity sha512-kA63rkz4+6LDG+yBUJIKu/QSdVvhelILMhdlK0GvPvgAF+BsGpxq4yAOZ9nkmh9Z8zqa8ZMt9laoUssufc2yFQ==
  dependencies:
    mime-db "^1.42.0"

"@goa/mime-types@^1.1.0":
  version "1.1.0"
  resolved "https://registry.yarnpkg.com/@goa/mime-types/-/mime-types-1.1.0.tgz#35b5c0e43e4e748dce71dd0aded4437e95e32a68"
  integrity sha512-BC3LWDvpAJOp7NnN1JLA5ZaDoX/6BdiFDmW9r+/nZiwF5V2/VCfeWvNCWB9pT16proMAh5WPk5kSvEWNR4G0Kw==
  dependencies:
    mime-db "^1.40.0"

"@goa/negotiator@^1.0.1":
  version "1.0.1"
  resolved "https://registry.yarnpkg.com/@goa/negotiator/-/negotiator-1.0.1.tgz#d0b0dccfafc4dc4a990ae92a65c4faedfbe884f7"
  integrity sha512-Hzu2cXJBI5/WKb+9nuLRfefLcRWUlgWTlWHaZbtrM/7BHQHQIX4FJWNzywQARmWDl9g8hoHdeWw58SPcx5ET4Q==

"@goa/router@^1.2.0":
  version "1.2.0"
  resolved "https://registry.yarnpkg.com/@goa/router/-/router-1.2.0.tgz#ec054eeddf8fd14c5064c2e5c264be9e1a5a2499"
  integrity sha512-w+sawURKn30pADD/nZK7psf0UBR3M7/I3vB6F8YH2qFp6nNHRxqVgW/3Aly6IOcx7Q23Buz6x74vHAx5GhiJmw==

"@goa/session@^3.1.0":
  version "3.1.0"
  resolved "https://registry.yarnpkg.com/@goa/session/-/session-3.1.0.tgz#1349fd8afaa48ca8e15bb64360342db00de123a0"
  integrity sha512-OkdfpH43IVztmgMX8U6e2I+le+Qh1eEHMuc2SYMTfBCzZ0tNH2sMWyb6hHxeg5B7035dQLNOaTFG6dzaT7vZCw==

"@goa/statuses@^1.0.1":
  version "1.0.1"
  resolved "https://registry.yarnpkg.com/@goa/statuses/-/statuses-1.0.1.tgz#1ac83df2fbabb4b357e9f8bd7c5638dd1f21b27f"
  integrity sha512-gBhnn5XnasK9Vb4Diy0r71qU2LXpyx6ewsG4da/rxeY8N4xUTS78w1RS+KcdetBGBB2yYkdxblXyV4AwT1q+IA==

"@goa/type-is@^1.0.2":
  version "1.0.2"
  resolved "https://registry.yarnpkg.com/@goa/type-is/-/type-is-1.0.2.tgz#90df59329db41c5f677d4e7ca1620765fd31335d"
  integrity sha512-OzQBeFqkBp9tSyOqVl9BD9O+Fe/1AEso5YiXEEyNGxGpc+DIfDA7ZNQvCGvjJxHjym07fyrJ/UgNi60D1x9k0A==
  dependencies:
    mime-db "^1.40.0"

"@goa/uuid@^1.0.2":
  version "1.0.2"
  resolved "https://registry.yarnpkg.com/@goa/uuid/-/uuid-1.0.2.tgz#8e782fc5892cb5e86388f63c83ef0ef7534100e2"
  integrity sha512-TBIG9YTaTj62J2Gx8rzgFu9q5b20gj4WsPqOU5Gr+84NjxyxfzcpYUZvvD9kXSYTDKVKR89NmCH8Gc2M5w0AJw==

"@goa/vary@^1.0.0":
  version "1.0.0"
  resolved "https://registry.yarnpkg.com/@goa/vary/-/vary-1.0.0.tgz#0170115ee3b61d836bc4013f9a03794690e2fbe5"
  integrity sha512-fAw4rn1efsYkUQzW6twcris/sLfLxZG1jSWrsyVjbso+VDE1/0+lwSo34o0uOPnxwgv6Jg5YDcc1+9NppUl5nA==

"@idio/debug@^1.2.3":
  version "1.2.3"
  resolved "https://registry.yarnpkg.com/@idio/debug/-/debug-1.2.3.tgz#ff002ec176bf45782aca7f70adcdde650fcb2a04"
  integrity sha512-MalXJDXpDY7p8oNlKqQTmk6d5Q5WTeT18HqvySj4byU0BX2G7KX+IISUMH7uLdYv9y/usKU+uZO+5n2v41/kqw==

"@idio/dicer@^1.1.0":
  version "1.1.0"
  resolved "https://registry.yarnpkg.com/@idio/dicer/-/dicer-1.1.0.tgz#d58b177983935b22f72263c3e31145ea924c6a7d"
  integrity sha512-GWro5lIxHrQPWkNlUFi1IPBWR/bJT9HuJlhJTN5KA5oyRKgcDJRaB5Js9O1no1SDsAFxEVm6QT/pgOAgR03vRg==

"@idio/frontend@^2.0.1":
  version "2.0.1"
  resolved "https://registry.yarnpkg.com/@idio/frontend/-/frontend-2.0.1.tgz#df77486ae5333c7b4657ae70cc8518d750ad2482"
  integrity sha512-NDCT9OxlKacGDDozeV6sGZjKSv/gTsWwwB1lKYaAKVGAI8mBTLNAXKRrbUrMcSo3H4WJmR9X4zNcQmvaZhsQjA==

"@multipart/append-field@^1.0.1":
  version "1.0.1"
  resolved "https://registry.yarnpkg.com/@multipart/append-field/-/append-field-1.0.1.tgz#75e018bb986aaf8dd186c98520d584a0f7d1d4cb"
  integrity sha512-VKFpXy/6SdUrWpU2iHBvung//7kb0hak/gnasstJQhLVWFnrq4bYvQNvrlK/gQpIwJzw4KbeytbcoEh+MgsaVg==

"@multipart/form-data@^1.0.1":
  version "1.0.1"
  resolved "https://registry.yarnpkg.com/@multipart/form-data/-/form-data-1.0.1.tgz#580f979517b1b7adbf46e5bdf73edf18fb884b7f"
  integrity sha512-hL8hMfdGwUCbnh7zGRumu+eGpC8XzkYVp+dPbRqQ0b4/+Kc8SBNt6jCuuCfI8+cgLVpLh1VjtmhUSdH9SDB1Dw==
  dependencies:
    text-decoding "^1.0.0"

"@multipart/form@^2.0.0":
  version "2.0.0"
  resolved "https://registry.yarnpkg.com/@multipart/form/-/form-2.0.0.tgz#ddade18f92ef75b56e29708536cbc59ce6961832"
  integrity sha512-afvhQjJZ+hqCSuv0W4iP0L6heFND3Vaj2zRqjxRkCz2YNCIky33EPl6AU7JpOj5NFHKTk1smxumKeblP7TZBLQ==

"@rqt/aqt@^1.3.0":
  version "1.4.0"
  resolved "https://registry.yarnpkg.com/@rqt/aqt/-/aqt-1.4.0.tgz#5b50461f4b448ed426725cc3c887077c40addcce"
  integrity sha512-b9DlzIG6mZiCxGT33YenHW3ffPu1rkruEZnhGDWbRN3Hnfe5TgMUlXZJT+bppmHWpn7BuYbwuh+6kFnlzETZ6w==

"@typedefs/goa@^0.1.4", "@typedefs/goa@^0.1.5":
  version "0.1.5"
  resolved "https://registry.yarnpkg.com/@typedefs/goa/-/goa-0.1.5.tgz#d833cb6abc917647d0bf97a2f12055ad7b0daffa"
  integrity sha512-PD5o1zjDID6WVxo16E9sus1dNEAoFcu2gtc6jrn0JHmXMSDt04e9NuOdAg/Inrt+KJnVj3vRhu95AY2Wny9mrg==

"@wrote/clone@^1.1.1":
  version "1.2.1"
  resolved "https://registry.yarnpkg.com/@wrote/clone/-/clone-1.2.1.tgz#112cfab56adcfe8df9341a82c48ddb0d6bd6dbc4"
  integrity sha512-V1tFKje8f+gmFDJSBnJ6xGeZQjPtUGJK2kwHdJ2o/FC6bYHDhWv8aHat5hXv8hqN0fl8TtH0ZRZ5GwLhoezfng==
  dependencies:
    "@wrote/ensure-path" "^1.0.8"
    "@wrote/read-dir-structure" "^1.2.0"
    makepromise "^3.1.0"

"@wrote/ensure-path@^1.0.6", "@wrote/ensure-path@^1.0.8":
  version "1.1.0"
  resolved "https://registry.yarnpkg.com/@wrote/ensure-path/-/ensure-path-1.1.0.tgz#2b5875dd4e215f209329c9c774702e4e67c3e07f"
  integrity sha512-yZigiFQhgAMAVrec9BoPdJzqjSBdHuCyDrAacWSHIUByxiMcmY9i/1dGM4RbGZg/bN8XWrxDDmcWLuPUmsJYFg==
  dependencies:
    makepromise "^3.1.0"

"@wrote/exists@^1.0.3", "@wrote/exists@^1.0.5":
  version "1.0.5"
  resolved "https://registry.yarnpkg.com/@wrote/exists/-/exists-1.0.5.tgz#6310f57ee017449ed17f19a85dd1a9dd6380d74b"
  integrity sha512-OLA2QrG/SkMP5ZGm6Am0ICG8IDzCwwnyErKjWWPTu6C1/eeCEqlZZSONSe6BquCFNQpOqhyZ+CTnmWULPXG9bg==
  dependencies:
    makepromise "^3.1.0"

"@wrote/read-dir-structure@^1.2.0":
  version "1.3.0"
  resolved "https://registry.yarnpkg.com/@wrote/read-dir-structure/-/read-dir-structure-1.3.0.tgz#3e0652807ec76085474ec427c2cf198f13a09be4"
  integrity sha512-+yseRsIOiOrYv0xVuRqDM1OTGytRW2UfLPCFCzG34mRcorOhd7Zy6EYiNbCM2GgEtmhCpHzIKyiLLuKh/M8RHA==

"@wrote/read@^1.0.3", "@wrote/read@^1.0.4":
  version "1.0.4"
  resolved "https://registry.yarnpkg.com/@wrote/read/-/read-1.0.4.tgz#b7343b3bbfb1d1b9ed35ee87e8021730f13f5fcf"
  integrity sha512-wRvv11mvywo2UIeFhvJ7SCO30hvW0P6jMBo1cAlYQOFwbdbTZYZxHdb1zz3VMF8o74W3xQAuvS78DNmA47NumQ==
  dependencies:
    catchment "^3.3.0"

"@wrote/rm@^1.1.3", "@wrote/rm@^1.1.5":
  version "1.1.5"
  resolved "https://registry.yarnpkg.com/@wrote/rm/-/rm-1.1.5.tgz#8044b45fd599554f653a447f386a658ff1259f52"
  integrity sha512-PBeEQ9GapqrBCig3wdvOLdSHhV4SMjxS9uWThCsuGeTNwE4dUb/hqmYC75acIvAd2iRFB2rmO/TyKjdLkM/tgQ==
  dependencies:
    "@wrote/read-dir-structure" "^1.2.0"
    makepromise "^3.1.0"

"@wrote/write@^1.0.3":
  version "1.0.4"
  resolved "https://registry.yarnpkg.com/@wrote/write/-/write-1.0.4.tgz#ad2c4e667b3e2bd5f37bb844d6b78b55952c391f"
  integrity sha512-zhelf+k8hMbk/FCvroJ/KwpX8Bi1lnJ9hkJITLqiCWi1vk6X74QhjdFxSaNDyiC5V1WTPJIWQ+76VB4obY7zVw==
  dependencies:
    erotic "^2.1.0"

"@zoroaster/assert@^1.0.2":
  version "1.0.2"
  resolved "https://registry.yarnpkg.com/@zoroaster/assert/-/assert-1.0.2.tgz#8ffe2ebb10c81d570d4965080f942af688321a1f"
  integrity sha512-5C0LDzW8DkiSSCLyYO9ux3R5ru65yEn/GtxH1wh7ukRhLAZ/Svx4+A81YvciXcn35B2VmvCqyiTrhNdxdgusSw==

"@zoroaster/deep-equal@^1.0.1":
  version "1.0.1"
  resolved "https://registry.yarnpkg.com/@zoroaster/deep-equal/-/deep-equal-1.0.1.tgz#7f7b72f59e54807ee23ea88e60f99165f10ca876"
  integrity sha512-Nc8v2oW+Xtw/49SbgloPkln1v/H7D4fr7HGdgKr4rpdggk8pZRF2vNLaugm6OhiKhb0OuO/gHuk8o5qjH+strA==
  dependencies:
    differently "^1.0.0"

"@zoroaster/mask@^2.2.0":
  version "2.3.0"
  resolved "https://registry.yarnpkg.com/@zoroaster/mask/-/mask-2.3.0.tgz#57d169417e09e481efafccbffdd93cef919ec5e6"
  integrity sha512-fufal06pS/SYhOKHCmoFQ+PjhQwsCwMr2h0D2xeiVaXstaWHJVEiLg4+BU/KCmOOzLXLKikf81ca4zFXip7ScQ==

alamode@^3.0.0, alamode@^3.3.0:
  version "3.3.0"
  resolved "https://registry.yarnpkg.com/alamode/-/alamode-3.3.0.tgz#5a73ebb8eae847934f747d67c2680698061b7bbe"
  integrity sha512-/Xi0rZ0HAyobAIi8DJQMeFF3kRrr15PGuYRwvxmQaOqSO3WJgXOsmhL6sZQuvD/okZztzujMxMA+21WOD2rYyQ==

catchment@^3.2.3, catchment@^3.3.0:
  version "3.3.0"
  resolved "https://registry.yarnpkg.com/catchment/-/catchment-3.3.0.tgz#e57eb70183d6a75ee71da0cb8ec2e76ac01317d2"
  integrity sha512-PACm54CBCUZv1uEOMyNiB6i0kkDMdDN0+VYXIQAaeZMDcjudyPccgpYLWQfGCwCW/Q9SOfD6MyBLmxL3qh7V3A==
  dependencies:
    "@artdeco/clean-stack" "^1.1.1"
    erotic "^2.1.0"

depack@^1.0.1:
  version "1.0.1"
  resolved "https://registry.yarnpkg.com/depack/-/depack-1.0.1.tgz#4b3c2a9bff91cf31466d148101336a8329db7f09"
  integrity sha512-W1etv1UIcdoRDqN8JzwcD8T1ZUylbppmqMQulu54YMoTSMAVmqcp8lnR17og8RtvHFlI41qpi58SMgnU3C6hPQ==
  dependencies:
    "@depack/nodejs" "^1.1.4"
    "@externs/nodejs" "^1.5.0"

differently@^1.0.0:
  version "1.0.1"
  resolved "https://registry.yarnpkg.com/differently/-/differently-1.0.1.tgz#1a5c158fd98c686f9310a05899a59ac1a4bd6d08"
  integrity sha512-J19iW+g47ww6ReGwZrthgeHQlKLN02zHAXPwG21BHCi8G03qv1G9YGrqYDmwws9uvtKRBY9b91DhJ4VbfWFNQQ==
  dependencies:
    erte "^1.2.0"

documentary@^1.35.9:
  version "1.35.9"
  resolved "https://registry.yarnpkg.com/documentary/-/documentary-1.35.9.tgz#f0003b04c4a54325198e1189f81ba88aad87e21a"
  integrity sha512-NnZvzx+429RfwgehvpSNvTXFEOR3bnrPW09TZpPxwa2QnPOdRybxoKDrluP6QoGDQslOKXrWkzSXO/lesqPsWw==
  dependencies:
    alamode "^3.3.0"
    preact "8.5.3"
    typal "^1.24.19"

erotic@^2.1.0, erotic@^2.1.1:
  version "2.1.1"
  resolved "https://registry.yarnpkg.com/erotic/-/erotic-2.1.1.tgz#97f20c2d6e7fd2ec6f7996823009d3ac8ae7157f"
  integrity sha512-S1ns+uibigdXxxzqiO5VNZw3d0YNrVb4jZ7OUAklO4722/ytp+nta6txsUhYmnIEI0TF7jjXNjGvcmw0I/Rs7A==
  dependencies:
    "@artdeco/clean-stack" "^1.1.1"

erte@^1.2.0:
  version "1.2.0"
  resolved "https://registry.yarnpkg.com/erte/-/erte-1.2.0.tgz#8b7dbf6ad822d96f071947d20d5f440623f10769"
  integrity sha512-saxyNviRCvFENCyZ66O58cY8icaraVeQOgGks6ujsBeS7zf3yyjXrhyfMpERZo7SJH1KKdXcSQqgemxW6eIpjA==

eslint-config-artdeco@1.0.1:
  version "1.0.1"
  resolved "https://registry.yarnpkg.com/eslint-config-artdeco/-/eslint-config-artdeco-1.0.1.tgz#4451c9d0ed1ce4d33dfd43a6315f12c8bfb04274"
  integrity sha1-RFHJ0O0c5NM9/UOmMV8SyL+wQnQ=

fpj@^1.3.0:
  version "1.3.0"
  resolved "https://registry.yarnpkg.com/fpj/-/fpj-1.3.0.tgz#c01dd7d72e69fa5f82d339f5e6fbc3b3256d286a"
  integrity sha512-RduDTdeaoEPD+zzyv7eYefGiPD6DVhNnhwOWTzG1aJnCDmkJrbdDfaWAOxyM0Xw75Ui6+o6wJyAUDrnyqmQvcg==
  dependencies:
    "@wrote/exists" "^1.0.5"
    "@wrote/read" "^1.0.4"
    resolve-dependency "^1.0.3"

makepromise@^3.0.3, makepromise@^3.1.0:
  version "3.1.0"
  resolved "https://registry.yarnpkg.com/makepromise/-/makepromise-3.1.0.tgz#58a07ea1605ad10c14a907334e067d200402d8b9"
  integrity sha512-wbRpYfLteGKd3j96r30G2xCrqp3blk/kYOzGKBPnEix4a/VcHcxcYFwJ79fCZFtcEqMn8MGSh8h+D+/LlI+JQQ==
  dependencies:
    erotic "^2.1.0"

mime-db@^1.40.0, mime-db@^1.42.0, mime-db@^1.43.0:
  version "1.43.0"
  resolved "https://registry.yarnpkg.com/mime-db/-/mime-db-1.43.0.tgz#0a12e0502650e473d735535050e7c8f4eb4fae58"
  integrity sha512-+5dsGEEovYbT8UY9yD7eE4XTc4UwJ1jBYlgaQQF38ENsKR3wj/8q8RFZrF9WIZpB2V1ArTVFUva8sAul1NzRzQ==

mismatch@^1.2.0:
  version "1.2.0"
  resolved "https://registry.yarnpkg.com/mismatch/-/mismatch-1.2.0.tgz#3f5021861e8084e36a14c2c1f9489941cd18f790"
  integrity sha512-kuw1k8ZHS+12fBVAVOBXMBJBXcNGnByFTJIDzH4W4v84OocejZ/qzxmT4ll9CLX5OD23NXr+NvrQDus0BsQ8xw==

pedantry@^2.3.1:
  version "2.5.0"
  resolved "https://registry.yarnpkg.com/pedantry/-/pedantry-2.5.0.tgz#02b2689ef64e87a1f36c731a400d305e80e96a54"
  integrity sha512-LU0IjJV+gayov2HTguIv5izijEZFB01Beq9+wwzHuFqSkLRMMg9pG7PfHzssZV1oJIfaZqWMitGwTDo8kuRHKg==

preact@8.5.3, preact@^8.5.3:
  version "8.5.3"
  resolved "https://registry.yarnpkg.com/preact/-/preact-8.5.3.tgz#78c2a5562fcecb1fed1d0055fa4ac1e27bde17c1"
  integrity sha512-O3kKP+1YdgqHOFsZF2a9JVdtqD+RPzCQc3rP+Ualf7V6rmRDchZ9MJbiGTT7LuyqFKZqlHSOyO/oMFmI2lVTsw==

resolve-dependency@^1.0.3:
  version "1.0.3"
  resolved "https://registry.yarnpkg.com/resolve-dependency/-/resolve-dependency-1.0.3.tgz#f0f78d0cea2c2fbf9dcf38b67ab15363aba8db34"
  integrity sha512-d9kWZE8B6XNztEl4UTYfZ08bSToR3uQSpRnumj4UWrY2UQTk9DBrMhpCfvNk1DowtB1gXdhn6fXtoKvYeRV5jg==
  dependencies:
    "@wrote/exists" "^1.0.3"

restream@^3.7.1:
  version "3.7.4"
  resolved "https://registry.yarnpkg.com/restream/-/restream-3.7.4.tgz#e86c455f92ba65ce41d9e450ed54d065a130f89c"
  integrity sha512-heKiPfU5CLE/jTLcs53MyvE1jje/V/JViAD95LMY1p0XVDLyVcyM4iUo0iYUnuNUYTUxrJyKpXDTu7GKOr0pFA==
  dependencies:
    "@artdeco/clean-stack" "^1.1.1"
    catchment "^3.3.0"

rqt@^4.0.0:
  version "4.0.0"
  resolved "https://registry.yarnpkg.com/rqt/-/rqt-4.0.0.tgz#b57f64bf1b3b8b8109617f9dc67b9dd9ea5cb4d6"
  integrity sha512-DUm6ZAt6ESeY46aFWhQwBvsOpXABRL5TTkpN/3KJjog7uk2ncYuU4UZ8FQV6qfWybihkMFCdoESNSxYQ5rSZiQ==

temp-context@^2.1.3:
  version "2.1.3"
  resolved "https://registry.yarnpkg.com/temp-context/-/temp-context-2.1.3.tgz#278502e47a2aa717334d5d84f18657ea42d7512c"
  integrity sha512-x5Zoj1X1OJe/2RNbPJwVLbhFs0Gu8552E8VBAEZH+vLxARdUb1Kf5RXIdX6VZBMmgRpN1NXEXJsMcNirIHubeA==
  dependencies:
    "@wrote/clone" "^1.1.1"
    "@wrote/ensure-path" "^1.0.6"
    "@wrote/read" "^1.0.3"
    "@wrote/rm" "^1.1.3"
    "@wrote/write" "^1.0.3"
    catchment "^3.2.3"
    makepromise "^3.0.3"
    pedantry "^2.3.1"

text-decoding@^1.0.0:
  version "1.0.0"
  resolved "https://registry.yarnpkg.com/text-decoding/-/text-decoding-1.0.0.tgz#38a5692d23b5c2b12942d6e245599cb58b1bc52f"
  integrity sha512-/0TJD42KDnVwKmDK6jj3xP7E2MG7SHAOG4tyTgyUCRPdHwvkquYNLEQltmdMa3owq3TkddCVcTsoctJI8VQNKA==

typal@^1.24.19:
  version "1.24.20"
  resolved "https://registry.yarnpkg.com/typal/-/typal-1.24.20.tgz#f530f810c138787cddd417ec959faae42df3f089"
  integrity sha512-/0ocJ/c5YBdYUT2Dh6l+/dCXHqifKF3QujYCgKLBBh9OC/6UzP2hcmiksGW68XPrjke8q0yhJfc7Jm+Kmpboaw==

typework@^0.1.1:
  version "0.1.1"
  resolved "https://registry.yarnpkg.com/typework/-/typework-0.1.1.tgz#b1da60903146ebdd6b77c57cc61661b15d9f1b9b"
  integrity sha512-hRgDO3iRa3WIrCyUxm0mWh5aSvGWKCyyvA0U55NaHFe59YzNhtAo49YMq/DMFdeHqsRqionf9liX2O77tX+XuA==

yarn-s@1.2.1:
  version "1.2.1"
  resolved "https://registry.yarnpkg.com/yarn-s/-/yarn-s-1.2.1.tgz#3749ffbbb1ba1b0d40db07d81d4bb536cc635c3f"
  integrity sha512-9qnU+hBV/mDJHB//1psEH786C1LEdr8AdXhMMiSh26io0GW0tHy4DEhstgaWlR8gzKF8FMgpoYsDtQdtSAY+8Q==

zoroaster@^4.1.2:
  version "4.1.2"
  resolved "https://registry.yarnpkg.com/zoroaster/-/zoroaster-4.1.2.tgz#89e033cdeebf75564713436bd7e72af926e800fb"
  integrity sha512-mE5RlV12h5bEZ4LBX0NsR5NEwNicLR6kdwXMijWD8vH+8JmbtXuC664ndzsw46lnhmn2VWlafyBi5k/MMCmftA==
  dependencies:
    "@zoroaster/assert" "^1.0.2"
    "@zoroaster/mask" "^2.2.0"
    alamode "^3.0.0"
